// !$*UTF8*$!
{archiveVersion = 1; classes = {}; objectVersion = 56; objects = {
000000000000000000000070 = {isa = PBXFileReference; lastKnownFileType = sourcecode.swift; path = "FlowTour.swift"; sourceTree = "<group>";};
000000000000000000000071 = {isa = PBXBuildFile; fileRef = 000000000000000000000070;};
000000000000000000000072 = {isa = PBXFileReference; lastKnownFileType = sourcecode.swift; path = "GalleryModel.swift"; sourceTree = "<group>";};
000000000000000000000073 = {isa = PBXBuildFile; fileRef = 000000000000000000000072;};
000000000000000000000074 = {isa = PBXFileReference; lastKnownFileType = sourcecode.swift; path = "GalleryView.swift"; sourceTree = "<group>";};
000000000000000000000075 = {isa = PBXBuildFile; fileRef = 000000000000000000000074;};
000000000000000000000076 = {isa = PBXFileReference; lastKnownFileType = sourcecode.swift; path = "GalleryControlsView.swift"; sourceTree = "<group>";};
000000000000000000000077 = {isa = PBXBuildFile; fileRef = 000000000000000000000076;};
000000000000000000000078 = {isa = PBXFileReference; lastKnownFileType = text; path = "../Samples/flowscope/healthy-12-layers.jsonl"; sourceTree = "<group>";};
000000000000000000000079 = {isa = PBXBuildFile; fileRef = 000000000000000000000078;};
00000000000000000000007A = {isa = PBXFileReference; lastKnownFileType = text; path = "../Samples/flowscope/no-residual-12-layers.jsonl"; sourceTree = "<group>";};
00000000000000000000007B = {isa = PBXBuildFile; fileRef = 00000000000000000000007A;};
00000000000000000000007C = {isa = PBXFileReference; lastKnownFileType = text.plist.xml; path = Info.plist; sourceTree = "<group>";};
000000000000000000000064 = {isa = PBXFileReference; lastKnownFileType = text.json; path = "../Samples/room-demo-trace.json"; sourceTree = "<group>";};
000000000000000000000065 = {isa = PBXBuildFile; fileRef = 000000000000000000000064;};
000000000000000000000060 = {isa = PBXFileReference; lastKnownFileType = sourcecode.swift; path = ScenePlacement.swift; sourceTree = "<group>";};
000000000000000000000061 = {isa = PBXBuildFile; fileRef = 000000000000000000000060;};
000000000000000000000062 = {isa = PBXFileReference; lastKnownFileType = sourcecode.swift; path = RoomControlsView.swift; sourceTree = "<group>";};
000000000000000000000063 = {isa = PBXBuildFile; fileRef = 000000000000000000000062;};
00000000000000000000005A = {isa = PBXFileReference; lastKnownFileType = text.json; path = "../Samples/public-sorting-trace.json"; sourceTree = "<group>";};
00000000000000000000005B = {isa = PBXBuildFile; fileRef = 00000000000000000000005A;};
00000000000000000000003C = {isa = PBXGroup; children = (000000000000000000000045); path = UITests; sourceTree = "<group>";};
000000000000000000000045 = {isa = PBXFileReference; lastKnownFileType = sourcecode.swift; path = ActivationSmokeTests.swift; sourceTree = "<group>";};
000000000000000000000046 = {isa = PBXBuildFile; fileRef = 000000000000000000000045;};
00000000000000000000003E = {isa = PBXFileReference; explicitFileType = wrapper.cfbundle; includeInIndex = 0; path = GrandTourVisionUITests.xctest; sourceTree = BUILT_PRODUCTS_DIR;};
00000000000000000000003D = {isa = PBXNativeTarget; buildConfigurationList = 000000000000000000000050; buildPhases = (00000000000000000000003F, 000000000000000000000040, 000000000000000000000041); buildRules = (); dependencies = (000000000000000000000043); name = GrandTourVisionUITests; productName = GrandTourVisionUITests; productReference = 00000000000000000000003E; productType = "com.apple.product-type.bundle.ui-testing";};
00000000000000000000003F = {isa = PBXSourcesBuildPhase; buildActionMask = 2147483647; files = (000000000000000000000046); runOnlyForDeploymentPostprocessing = 0;};
000000000000000000000040 = {isa = PBXFrameworksBuildPhase; buildActionMask = 2147483647; files = (); runOnlyForDeploymentPostprocessing = 0;};
000000000000000000000041 = {isa = PBXResourcesBuildPhase; buildActionMask = 2147483647; files = (); runOnlyForDeploymentPostprocessing = 0;};
000000000000000000000043 = {isa = PBXTargetDependency; target = 000000000000000000000005; targetProxy = 000000000000000000000044;};
000000000000000000000044 = {isa = PBXContainerItemProxy; containerPortal = 000000000000000000000001; proxyType = 1; remoteGlobalIDString = 000000000000000000000005; remoteInfo = GrandTourVision;};
000000000000000000000050 = {isa = XCConfigurationList; buildConfigurations = (000000000000000000000051, 000000000000000000000052); defaultConfigurationIsVisible = 0; defaultConfigurationName = Release;};
000000000000000000000051 = {isa = XCBuildConfiguration; buildSettings = {CODE_SIGN_STYLE = Automatic; GENERATE_INFOPLIST_FILE = YES; PRODUCT_BUNDLE_IDENTIFIER = local.george.GrandTourVisionUITests; PRODUCT_NAME = "$(TARGET_NAME)"; SUPPORTED_PLATFORMS = "xros xrsimulator"; SWIFT_VERSION = 5.0; TARGETED_DEVICE_FAMILY = 7; TEST_TARGET_NAME = GrandTourVision; XROS_DEPLOYMENT_TARGET = 2.0;}; name = Debug;};
000000000000000000000052 = {isa = XCBuildConfiguration; buildSettings = {CODE_SIGN_STYLE = Automatic; GENERATE_INFOPLIST_FILE = YES; PRODUCT_BUNDLE_IDENTIFIER = local.george.GrandTourVisionUITests; PRODUCT_NAME = "$(TARGET_NAME)"; SUPPORTED_PLATFORMS = "xros xrsimulator"; SWIFT_VERSION = 5.0; TARGETED_DEVICE_FAMILY = 7; TEST_TARGET_NAME = GrandTourVision; XROS_DEPLOYMENT_TARGET = 2.0;}; name = Release;};
00000000000000000000000F = {isa = PBXFileReference; lastKnownFileType = sourcecode.swift; path = ActivationTrace.swift; sourceTree = "<group>";};
000000000000000000000019 = {isa = PBXBuildFile; fileRef = 00000000000000000000000F;};
00000000000000000000000A = {isa = PBXFileReference; lastKnownFileType = sourcecode.swift; path = GrandTourApp.swift; sourceTree = "<group>";};
000000000000000000000014 = {isa = PBXBuildFile; fileRef = 00000000000000000000000A;};
00000000000000000000000B = {isa = PBXFileReference; lastKnownFileType = sourcecode.swift; path = Projection.swift; sourceTree = "<group>";};
000000000000000000000015 = {isa = PBXBuildFile; fileRef = 00000000000000000000000B;};
00000000000000000000000C = {isa = PBXFileReference; lastKnownFileType = sourcecode.swift; path = TourModel.swift; sourceTree = "<group>";};
000000000000000000000016 = {isa = PBXBuildFile; fileRef = 00000000000000000000000C;};
00000000000000000000000D = {isa = PBXFileReference; lastKnownFileType = sourcecode.swift; path = ControlsView.swift; sourceTree = "<group>";};
000000000000000000000017 = {isa = PBXBuildFile; fileRef = 00000000000000000000000D;};
00000000000000000000000E = {isa = PBXFileReference; lastKnownFileType = sourcecode.swift; path = PlotView.swift; sourceTree = "<group>";};
000000000000000000000018 = {isa = PBXBuildFile; fileRef = 00000000000000000000000E;};
000000000000000000000001 = {isa = PBXProject; attributes = {LastUpgradeCheck = 2700;}; buildConfigurationList = 000000000000000000000028; compatibilityVersion = "Xcode 14.0"; developmentRegion = en; hasScannedForEncodings = 0; knownRegions = (en, Base); mainGroup = 000000000000000000000002; productRefGroup = 000000000000000000000004; projectDirPath = ""; projectRoot = ""; targets = (000000000000000000000005, 00000000000000000000003D);};
000000000000000000000002 = {isa = PBXGroup; children = (000000000000000000000003, 00000000000000000000003C, 000000000000000000000004); sourceTree = "<group>";};
000000000000000000000003 = {isa = PBXGroup; children = (000000000000000000000070, 000000000000000000000072, 000000000000000000000074, 000000000000000000000076, 000000000000000000000078, 00000000000000000000007A, 00000000000000000000007C, 000000000000000000000064, 000000000000000000000060, 000000000000000000000062, 00000000000000000000005A, 00000000000000000000000F, 00000000000000000000000A, 00000000000000000000000B, 00000000000000000000000C, 00000000000000000000000D, 00000000000000000000000E); path = GrandTourVision; sourceTree = "<group>";};
000000000000000000000004 = {isa = PBXGroup; children = (000000000000000000000006, 00000000000000000000003E); name = Products; sourceTree = "<group>";};
000000000000000000000006 = {isa = PBXFileReference; explicitFileType = wrapper.application; includeInIndex = 0; path = GrandTourVision.app; sourceTree = BUILT_PRODUCTS_DIR;};
000000000000000000000005 = {isa = PBXNativeTarget; buildConfigurationList = 000000000000000000000029; buildPhases = (000000000000000000000007, 000000000000000000000008, 000000000000000000000009); buildRules = (); dependencies = (); name = GrandTourVision; productName = GrandTourVision; productReference = 000000000000000000000006; productType = "com.apple.product-type.application";};
000000000000000000000007 = {isa = PBXSourcesBuildPhase; buildActionMask = 2147483647; files = (000000000000000000000071, 000000000000000000000073, 000000000000000000000075, 000000000000000000000077, 000000000000000000000061, 000000000000000000000063, 000000000000000000000019, 000000000000000000000014, 000000000000000000000015, 000000000000000000000016, 000000000000000000000017, 000000000000000000000018); runOnlyForDeploymentPostprocessing = 0;};
000000000000000000000008 = {isa = PBXFrameworksBuildPhase; buildActionMask = 2147483647; files = (); runOnlyForDeploymentPostprocessing = 0;};
000000000000000000000009 = {isa = PBXResourcesBuildPhase; buildActionMask = 2147483647; files = (000000000000000000000079, 00000000000000000000007B, 000000000000000000000065, 00000000000000000000005B); runOnlyForDeploymentPostprocessing = 0;};
000000000000000000000028 = {isa = XCConfigurationList; buildConfigurations = (00000000000000000000002A, 00000000000000000000002B); defaultConfigurationIsVisible = 0; defaultConfigurationName = Release;};
000000000000000000000029 = {isa = XCConfigurationList; buildConfigurations = (00000000000000000000002C, 00000000000000000000002D); defaultConfigurationIsVisible = 0; defaultConfigurationName = Release;};
00000000000000000000002A = {isa = XCBuildConfiguration; buildSettings = {CLANG_ENABLE_MODULES = YES; SDKROOT = xros;}; name = Debug;};
00000000000000000000002B = {isa = XCBuildConfiguration; buildSettings = {CLANG_ENABLE_MODULES = YES; SDKROOT = xros;}; name = Release;};
00000000000000000000002C = {isa = XCBuildConfiguration; buildSettings = {CODE_SIGN_STYLE = Automatic; INFOPLIST_FILE = GrandTourVision/Info.plist; INFOPLIST_KEY_NSLocalNetworkUsageDescription = "Connects to a FlowScope training run on your Mac to show it live."; CURRENT_PROJECT_VERSION = 1; GENERATE_INFOPLIST_FILE = YES; INFOPLIST_KEY_UIApplicationSceneManifest_Generation = YES; INFOPLIST_KEY_UILaunchScreen_Generation = YES; INFOPLIST_KEY_CFBundleDisplayName = "Grand Tour"; MARKETING_VERSION = 0.1; PRODUCT_BUNDLE_IDENTIFIER = local.george.GrandTourVision; PRODUCT_NAME = "$(TARGET_NAME)"; SUPPORTED_PLATFORMS = "xros xrsimulator"; SWIFT_VERSION = 5.0; TARGETED_DEVICE_FAMILY = 7; XROS_DEPLOYMENT_TARGET = 2.0; SWIFT_OPTIMIZATION_LEVEL = "-Onone";}; name = Debug;};
00000000000000000000002D = {isa = XCBuildConfiguration; buildSettings = {CODE_SIGN_STYLE = Automatic; INFOPLIST_FILE = GrandTourVision/Info.plist; INFOPLIST_KEY_NSLocalNetworkUsageDescription = "Connects to a FlowScope training run on your Mac to show it live."; CURRENT_PROJECT_VERSION = 1; GENERATE_INFOPLIST_FILE = YES; INFOPLIST_KEY_UIApplicationSceneManifest_Generation = YES; INFOPLIST_KEY_UILaunchScreen_Generation = YES; INFOPLIST_KEY_CFBundleDisplayName = "Grand Tour"; MARKETING_VERSION = 0.1; PRODUCT_BUNDLE_IDENTIFIER = local.george.GrandTourVision; PRODUCT_NAME = "$(TARGET_NAME)"; SUPPORTED_PLATFORMS = "xros xrsimulator"; SWIFT_VERSION = 5.0; TARGETED_DEVICE_FAMILY = 7; XROS_DEPLOYMENT_TARGET = 2.0; SWIFT_OPTIMIZATION_LEVEL = "-O";}; name = Release;};
}; rootObject = 000000000000000000000001;}
